
Microsoft Visual Studio Solution File, Format Version 12.00
# Visual Studio Version 16
VisualStudioVersion = 16.0.32228.343
MinimumVisualStudioVersion = 10.0.40219.1
Project("{FAE04EC0-301F-11D3-BF4B-00C04F79EFBC}") = "Access", "Access\Access.csproj", "{488D4C7D-0349-4895-A17E-E688B83BE698}"
EndProject
Project("{FAE04EC0-301F-11D3-BF4B-00C04F79EFBC}") = "WinFirebase", "WinFirebase\WinFirebase.csproj", "{92E91B32-6F60-45EB-A7D0-A3DAE7A2158E}"
EndProject
Global
	GlobalSection(SolutionConfigurationPlatforms) = preSolution
		Debug|Any CPU = Debug|Any CPU
		Release|Any CPU = Release|Any CPU
	EndGlobalSection
	GlobalSection(ProjectConfigurationPlatforms) = postSolution
		{488D4C7D-0349-4895-A17E-E688B83BE698}.Debug|Any CPU.ActiveCfg = Debug|Any CPU
		{488D4C7D-0349-4895-A17E-E688B83BE698}.Debug|Any CPU.Build.0 = Debug|Any CPU
		{488D4C7D-0349-4895-A17E-E688B83BE698}.Release|Any CPU.ActiveCfg = Release|Any CPU
		{488D4C7D-0349-4895-A17E-E688B83BE698}.Release|Any CPU.Build.0 = Release|Any CPU
		{92E91B32-6F60-45EB-A7D0-A3DAE7A2158E}.Debug|Any CPU.ActiveCfg = Debug|Any CPU
		{92E91B32-6F60-45EB-A7D0-A3DAE7A2158E}.Debug|Any CPU.Build.0 = Debug|Any CPU
		{92E91B32-6F60-45EB-A7D0-A3DAE7A2158E}.Release|Any CPU.ActiveCfg = Release|Any CPU
		{92E91B32-6F60-45EB-A7D0-A3DAE7A2158E}.Release|Any CPU.Build.0 = Release|Any CPU
	EndGlobalSection
	GlobalSection(SolutionProperties) = preSolution
		HideSolutionNode = FALSE
	EndGlobalSection
	GlobalSection(ExtensibilityGlobals) = postSolution
		SolutionGuid = {CED29EFE-441E-4DB3-B30C-EF4FA45AB400}
	EndGlobalSection
EndGlobal
